
Microsoft Visual Studio Solution File, Format Version 12.00
# Visual Studio Version 17
VisualStudioVersion = 17.7.34221.43
MinimumVisualStudioVersion = 10.0.40219.1
Project("{FAE04EC0-301F-11D3-BF4B-00C04F79EFBC}") = "AQLFINALE2", "AQLFINALE2\AQLFINALE2.csproj", "{683D4671-5EF1-4689-9137-98BBE9A1338C}"
EndProject
Global
	GlobalSection(SolutionConfigurationPlatforms) = preSolution
		Debug|Any CPU = Debug|Any CPU
		Release|Any CPU = Release|Any CPU
	EndGlobalSection
	GlobalSection(ProjectConfigurationPlatforms) = postSolution
		{683D4671-5EF1-4689-9137-98BBE9A1338C}.Debug|Any CPU.ActiveCfg = Debug|Any CPU
		{683D4671-5EF1-4689-9137-98BBE9A1338C}.Debug|Any CPU.Build.0 = Debug|Any CPU
		{683D4671-5EF1-4689-9137-98BBE9A1338C}.Release|Any CPU.ActiveCfg = Release|Any CPU
		{683D4671-5EF1-4689-9137-98BBE9A1338C}.Release|Any CPU.Build.0 = Release|Any CPU
	EndGlobalSection
	GlobalSection(SolutionProperties) = preSolution
		HideSolutionNode = FALSE
	EndGlobalSection
	GlobalSection(ExtensibilityGlobals) = postSolution
		SolutionGuid = {73935EF9-A164-4B77-9749-5542413EA252}
	EndGlobalSection
EndGlobal
